// !$*UTF8*$!
{
	archiveVersion = 1;
	classes = {
	};
	objectVersion = 50;
	objects = {

/* Begin PBXBuildFile section */
		87C296C221FA201C00F0FB04 /* AppDelegate.swift in Sources */ = {isa = PBXBuildFile; fileRef = 87C296C121FA201C00F0FB04 /* AppDelegate.swift */; };
		87C296C421FA201C00F0FB04 /* ViewController.swift in Sources */ = {isa = PBXBuildFile; fileRef = 87C296C321FA201C00F0FB04 /* ViewController.swift */; };
		87C296C721FA201C00F0FB04 /* Main.storyboard in Resources */ = {isa = PBXBuildFile; fileRef = 87C296C521FA201C00F0FB04 /* Main.storyboard */; };
		87C296C921FA201E00F0FB04 /* Assets.xcassets in Resources */ = {isa = PBXBuildFile; fileRef = 87C296C821FA201E00F0FB04 /* Assets.xcassets */; };
		87C296CC21FA201E00F0FB04 /* LaunchScreen.storyboard in Resources */ = {isa = PBXBuildFile; fileRef = 87C296CA21FA201E00F0FB04 /* LaunchScreen.storyboard */; };
		87C296D721FA201E00F0FB04 /* Touch_ID_ProjectTests.swift in Sources */ = {isa = PBXBuildFile; fileRef = 87C296D621FA201E00F0FB04 /* Touch_ID_ProjectTests.swift */; };
		87C296E221FA201E00F0FB04 /* Touch_ID_ProjectUITests.swift in Sources */ = {isa = PBXBuildFile; fileRef = 87C296E121FA201E00F0FB04 /* Touch_ID_ProjectUITests.swift */; };
/* End PBXBuildFile section */

/* Begin PBXContainerItemProxy section */
		87C296D321FA201E00F0FB04 /* PBXContainerItemProxy */ = {
			isa = PBXContainerItemProxy;
			containerPortal = 87C296B621FA201C00F0FB04 /* Project object */;
			proxyType = 1;
			remoteGlobalIDString = 87C296BD21FA201C00F0FB04;
			remoteInfo = "Touch ID Project";
		};
		87C296DE21FA201E00F0FB04 /* PBXContainerItemProxy */ = {
			isa = PBXContainerItemProxy;
			containerPortal = 87C296B621FA201C00F0FB04 /* Project object */;
			proxyType = 1;
			remoteGlobalIDString = 87C296BD21FA201C00F0FB04;
			remoteInfo = "Touch ID Project";
		};
/* End PBXContainerItemProxy section */

/* Begin PBXFileReference section */
		87C296BE21FA201C00F0FB04 /* Touch ID Project.app */ = {isa = PBXFileReference; explicitFileType = wrapper.application; includeInIndex = 0; path = "Touch ID Project.app"; sourceTree = BUILT_PRODUCTS_DIR; };
		87C296C121FA201C00F0FB04 /* AppDelegate.swift */ = {isa = PBXFileReference; lastKnownFileType = sourcecode.swift; path = AppDelegate.swift; sourceTree = "<group>"; };
		87C296C321FA201C00F0FB04 /* ViewController.swift */ = {isa = PBXFileReference; lastKnownFileType = sourcecode.swift; path = ViewController.swift; sourceTree = "<group>"; };
		87C296C621FA201C00F0FB04 /* Base */ = {isa = PBXFileReference; lastKnownFileType = file.storyboard; name = Base; path = Base.lproj/Main.storyboard; sourceTree = "<group>"; };
		87C296C821FA201E00F0FB04 /* Assets.xcassets */ = {isa = PBXFileReference; lastKnownFileType = folder.assetcatalog; path = Assets.xcassets; sourceTree = "<group>"; };
		87C296CB21FA201E00F0FB04 /* Base */ = {isa = PBXFileReference; lastKnownFileType = file.storyboard; name = Base; path = Base.lproj/LaunchScreen.storyboard; sourceTree = "<group>"; };
		87C296CD21FA201E00F0FB04 /* Info.plist */ = {isa = PBXFileReference; lastKnownFileType = text.plist.xml; path = Info.plist; sourceTree = "<group>"; };
		87C296D221FA201E00F0FB04 /* Touch ID ProjectTests.xctest */ = {isa = PBXFileReference; explicitFileType = wrapper.cfbundle; includeInIndex = 0; path = "Touch ID ProjectTests.xctest"; sourceTree = BUILT_PRODUCTS_DIR; };
		87C296D621FA201E00F0FB04 /* Touch_ID_ProjectTests.swift */ = {isa = PBXFileReference; lastKnownFileType = sourcecode.swift; path = Touch_ID_ProjectTests.swift; sourceTree = "<group>"; };
		87C296D821FA201E00F0FB04 /* Info.plist */ = {isa = PBXFileReference; lastKnownFileType = text.plist.xml; path = Info.plist; sourceTree = "<group>"; };
		87C296DD21FA201E00F0FB04 /* Touch ID ProjectUITests.xctest */ = {isa = PBXFileReference; explicitFileType = wrapper.cfbundle; includeInIndex = 0; path = "Touch ID ProjectUITests.xctest"; sourceTree = BUILT_PRODUCTS_DIR; };
		87C296E121FA201E00F0FB04 /* Touch_ID_ProjectUITests.swift */ = {isa = PBXFileReference; lastKnownFileType = sourcecode.swift; path = Touch_ID_ProjectUITests.swift; sourceTree = "<group>"; };
		87C296E321FA201E00F0FB04 /* Info.plist */ = {isa = PBXFileReference; lastKnownFileType = text.plist.xml; path = Info.plist; sourceTree = "<group>"; };
/* End PBXFileReference section */

/* Begin PBXFrameworksBuildPhase section */
		87C296BB21FA201C00F0FB04 /* Frameworks */ = {
			isa = PBXFrameworksBuildPhase;
			buildActionMask = 2147483647;
			files = (
			);
			runOnlyForDeploymentPostprocessing = 0;
		};
		87C296CF21FA201E00F0FB04 /* Frameworks */ = {
			isa = PBXFrameworksBuildPhase;
			buildActionMask = 2147483647;
			files = (
			);
			runOnlyForDeploymentPostprocessing = 0;
		};
		87C296DA21FA201E00F0FB04 /* Frameworks */ = {
			isa = PBXFrameworksBuildPhase;
			buildActionMask = 2147483647;
			files = (
			);
			runOnlyForDeploymentPostprocessing = 0;
		};
/* End PBXFrameworksBuildPhase section */

/* Begin PBXGroup section */
		87C296B521FA201C00F0FB04 = {
			isa = PBXGroup;
			children = (
				87C296C021FA201C00F0FB04 /* Touch ID Project */,
				87C296D521FA201E00F0FB04 /* Touch ID ProjectTests */,
				87C296E021FA201E00F0FB04 /* Touch ID ProjectUITests */,
				87C296BF21FA201C00F0FB04 /* Products */,
			);
			sourceTree = "<group>";
		};
		87C296BF21FA201C00F0FB04 /* Products */ = {
			isa = PBXGroup;
			children = (
				87C296BE21FA201C00F0FB04 /* Touch ID Project.app */,
				87C296D221FA201E00F0FB04 /* Touch ID ProjectTests.xctest */,
				87C296DD21FA201E00F0FB04 /* Touch ID ProjectUITests.xctest */,
			);
			name = Products;
			sourceTree = "<group>";
		};
		87C296C021FA201C00F0FB04 /* Touch ID Project */ = {
			isa = PBXGroup;
			children = (
				87C296C121FA201C00F0FB04 /* AppDelegate.swift */,
				87C296C321FA201C00F0FB04 /* ViewController.swift */,
				87C296C521FA201C00F0FB04 /* Main.storyboard */,
				87C296C821FA201E00F0FB04 /* Assets.xcassets */,
				87C296CA21FA201E00F0FB04 /* LaunchScreen.storyboard */,
				87C296CD21FA201E00F0FB04 /* Info.plist */,
			);
			path = "Touch ID Project";
			sourceTree = "<group>";
		};
		87C296D521FA201E00F0FB04 /* Touch ID ProjectTests */ = {
			isa = PBXGroup;
			children = (
				87C296D621FA201E00F0FB04 /* Touch_ID_ProjectTests.swift */,
				87C296D821FA201E00F0FB04 /* Info.plist */,
			);
			path = "Touch ID ProjectTests";
			sourceTree = "<group>";
		};
		87C296E021FA201E00F0FB04 /* Touch ID ProjectUITests */ = {
			isa = PBXGroup;
			children = (
				87C296E121FA201E00F0FB04 /* Touch_ID_ProjectUITests.swift */,
				87C296E321FA201E00F0FB04 /* Info.plist */,
			);
			path = "Touch ID ProjectUITests";
			sourceTree = "<group>";
		};
/* End PBXGroup section */

/* Begin PBXNativeTarget section */
		87C296BD21FA201C00F0FB04 /* Touch ID Project */ = {
			isa = PBXNativeTarget;
			buildConfigurationList = 87C296E621FA201E00F0FB04 /* Build configuration list for PBXNativeTarget "Touch ID Project" */;
			buildPhases = (
				87C296BA21FA201C00F0FB04 /* Sources */,
				87C296BB21FA201C00F0FB04 /* Frameworks */,
				87C296BC21FA201C00F0FB04 /* Resources */,
			);
			buildRules = (
			);
			dependencies = (
			);
			name = "Touch ID Project";
			productName = "Touch ID Project";
			productReference = 87C296BE21FA201C00F0FB04 /* Touch ID Project.app */;
			productType = "com.apple.product-type.application";
		};
		87C296D121FA201E00F0FB04 /* Touch ID ProjectTests */ = {
			isa = PBXNativeTarget;
			buildConfigurationList = 87C296E921FA201E00F0FB04 /* Build configuration list for PBXNativeTarget "Touch ID ProjectTests" */;
			buildPhases = (
				87C296CE21FA201E00F0FB04 /* Sources */,
				87C296CF21FA201E00F0FB04 /* Frameworks */,
				87C296D021FA201E00F0FB04 /* Resources */,
			);
			buildRules = (
			);
			dependencies = (
				87C296D421FA201E00F0FB04 /* PBXTargetDependency */,
			);
			name = "Touch ID ProjectTests";
			productName = "Touch ID ProjectTests";
			productReference = 87C296D221FA201E00F0FB04 /* Touch ID ProjectTests.xctest */;
			productType = "com.apple.product-type.bundle.unit-test";
		};
		87C296DC21FA201E00F0FB04 /* Touch ID ProjectUITests */ = {
			isa = PBXNativeTarget;
			buildConfigurationList = 87C296EC21FA201E00F0FB04 /* Build configuration list for PBXNativeTarget "Touch ID ProjectUITests" */;
			buildPhases = (
				87C296D921FA201E00F0FB04 /* Sources */,
				87C296DA21FA201E00F0FB04 /* Frameworks */,
				87C296DB21FA201E00F0FB04 /* Resources */,
			);
			buildRules = (
			);
			dependencies = (
				87C296DF21FA201E00F0FB04 /* PBXTargetDependency */,
			);
			name = "Touch ID ProjectUITests";
			productName = "Touch ID ProjectUITests";
			productReference = 87C296DD21FA201E00F0FB04 /* Touch ID ProjectUITests.xctest */;
			productType = "com.apple.product-type.bundle.ui-testing";
		};
/* End PBXNativeTarget section */

/* Begin PBXProject section */
		87C296B621FA201C00F0FB04 /* Project object */ = {
			isa = PBXProject;
			attributes = {
				LastSwiftUpdateCheck = 1010;
				LastUpgradeCheck = 1010;
				ORGANIZATIONNAME = iamkurtgoz;
				TargetAttributes = {
					87C296BD21FA201C00F0FB04 = {
						CreatedOnToolsVersion = 10.1;
					};
					87C296D121FA201E00F0FB04 = {
						CreatedOnToolsVersion = 10.1;
						TestTargetID = 87C296BD21FA201C00F0FB04;
					};
					87C296DC21FA201E00F0FB04 = {
						CreatedOnToolsVersion = 10.1;
						TestTargetID = 87C296BD21FA201C00F0FB04;
					};
				};
			};
			buildConfigurationList = 87C296B921FA201C00F0FB04 /* Build configuration list for PBXProject "Touch ID Project" */;
			compatibilityVersion = "Xcode 9.3";
			developmentRegion = en;
			hasScannedForEncodings = 0;
			knownRegions = (
				en,
				Base,
			);
			mainGroup = 87C296B521FA201C00F0FB04;
			productRefGroup = 87C296BF21FA201C00F0FB04 /* Products */;
			projectDirPath = "";
			projectRoot = "";
			targets = (
				87C296BD21FA201C00F0FB04 /* Touch ID Project */,
				87C296D121FA201E00F0FB04 /* Touch ID ProjectTests */,
				87C296DC21FA201E00F0FB04 /* Touch ID ProjectUITests */,
			);
		};
/* End PBXProject section */

/* Begin PBXResourcesBuildPhase section */
		87C296BC21FA201C00F0FB04 /* Resources */ = {
			isa = PBXResourcesBuildPhase;
			buildActionMask = 2147483647;
			files = (
				87C296CC21FA201E00F0FB04 /* LaunchScreen.storyboard in Resources */,
				87C296C921FA201E00F0FB04 /* Assets.xcassets in Resources */,
				87C296C721FA201C00F0FB04 /* Main.storyboard in Resources */,
			);
			runOnlyForDeploymentPostprocessing = 0;
		};
		87C296D021FA201E00F0FB04 /* Resources */ = {
			isa = PBXResourcesBuildPhase;
			buildActionMask = 2147483647;
			files = (
			);
			runOnlyForDeploymentPostprocessing = 0;
		};
		87C296DB21FA201E00F0FB04 /* Resources */ = {
			isa = PBXResourcesBuildPhase;
			buildActionMask = 2147483647;
			files = (
			);
			runOnlyForDeploymentPostprocessing = 0;
		};
/* End PBXResourcesBuildPhase section */

/* Begin PBXSourcesBuildPhase section */
		87C296BA21FA201C00F0FB04 /* Sources */ = {
			isa = PBXSourcesBuildPhase;
			buildActionMask = 2147483647;
			files = (
				87C296C421FA201C00F0FB04 /* ViewController.swift in Sources */,
				87C296C221FA201C00F0FB04 /* AppDelegate.swift in Sources */,
			);
			runOnlyForDeploymentPostprocessing = 0;
		};
		87C296CE21FA201E00F0FB04 /* Sources */ = {
			isa = PBXSourcesBuildPhase;
			buildActionMask = 2147483647;
			files = (
				87C296D721FA201E00F0FB04 /* Touch_ID_ProjectTests.swift in Sources */,
			);
			runOnlyForDeploymentPostprocessing = 0;
		};
		87C296D921FA201E00F0FB04 /* Sources */ = {
			isa = PBXSourcesBuildPhase;
			buildActionMask = 2147483647;
			files = (
				87C296E221FA201E00F0FB04 /* Touch_ID_ProjectUITests.swift in Sources */,
			);
			runOnlyForDeploymentPostprocessing = 0;
		};
/* End PBXSourcesBuildPhase section */

/* Begin PBXTargetDependency section */
		87C296D421FA201E00F0FB04 /* PBXTargetDependency */ = {
			isa = PBXTargetDependency;
			target = 87C296BD21FA201C00F0FB04 /* Touch ID Project */;
			targetProxy = 87C296D321FA201E00F0FB04 /* PBXContainerItemProxy */;
		};
		87C296DF21FA201E00F0FB04 /* PBXTargetDependency */ = {
			isa = PBXTargetDependency;
			target = 87C296BD21FA201C00F0FB04 /* Touch ID Project */;
			targetProxy = 87C296DE21FA201E00F0FB04 /* PBXContainerItemProxy */;
		};
/* End PBXTargetDependency section */

/* Begin PBXVariantGroup section */
		87C296C521FA201C00F0FB04 /* Main.storyboard */ = {
			isa = PBXVariantGroup;
			children = (
				87C296C621FA201C00F0FB04 /* Base */,
			);
			name = Main.storyboard;
			sourceTree = "<group>";
		};
		87C296CA21FA201E00F0FB04 /* LaunchScreen.storyboard */ = {
			isa = PBXVariantGroup;
			children = (
				87C296CB21FA201E00F0FB04 /* Base */,
			);
			name = LaunchScreen.storyboard;
			sourceTree = "<group>";
		};
/* End PBXVariantGroup section */

/* Begin XCBuildConfiguration section */
		87C296E421FA201E00F0FB04 /* Debug */ = {
			isa = XCBuildConfiguration;
			buildSettings = {
				ALWAYS_SEARCH_USER_PATHS = NO;
				CLANG_ANALYZER_NONNULL = YES;
				CLANG_ANALYZER_NUMBER_OBJECT_CONVERSION = YES_AGGRESSIVE;
				CLANG_CXX_LANGUAGE_STANDARD = "gnu++14";
				CLANG_CXX_LIBRARY = "libc++";
				CLANG_ENABLE_MODULES = YES;
				CLANG_ENABLE_OBJC_ARC = YES;
				CLANG_ENABLE_OBJC_WEAK = YES;
				CLANG_WARN_BLOCK_CAPTURE_AUTORELEASING = YES;
				CLANG_WARN_BOOL_CONVERSION = YES;
				CLANG_WARN_COMMA = YES;
				CLANG_WARN_CONSTANT_CONVERSION = YES;
				CLANG_WARN_DEPRECATED_OBJC_IMPLEMENTATIONS = YES;
				CLANG_WARN_DIRECT_OBJC_ISA_USAGE = YES_ERROR;
				CLANG_WARN_DOCUMENTATION_COMMENTS = YES;
				CLANG_WARN_EMPTY_BODY = YES;
				CLANG_WARN_ENUM_CONVERSION = YES;
				CLANG_WARN_INFINITE_RECURSION = YES;
				CLANG_WARN_INT_CONVERSION = YES;
				CLANG_WARN_NON_LITERAL_NULL_CONVERSION = YES;
				CLANG_WARN_OBJC_IMPLICIT_RETAIN_SELF = YES;
				CLANG_WARN_OBJC_LITERAL_CONVERSION = YES;
				CLANG_WARN_OBJC_ROOT_CLASS = YES_ERROR;
				CLANG_WARN_RANGE_LOOP_ANALYSIS = YES;
				CLANG_WARN_STRICT_PROTOTYPES = YES;
				CLANG_WARN_SUSPICIOUS_MOVE = YES;
				CLANG_WARN_UNGUARDED_AVAILABILITY = YES_AGGRESSIVE;
				CLANG_WARN_UNREACHABLE_CODE = YES;
				CLANG_WARN__DUPLICATE_METHOD_MATCH = YES;
				CODE_SIGN_IDENTITY = "iPhone Developer";
				COPY_PHASE_STRIP = NO;
				DEBUG_INFORMATION_FORMAT = dwarf;
				ENABLE_STRICT_OBJC_MSGSEND = YES;
				ENABLE_TESTABILITY = YES;
				GCC_C_LANGUAGE_STANDARD = gnu11;
				GCC_DYNAMIC_NO_PIC = NO;
				GCC_NO_COMMON_BLOCKS = YES;
				GCC_OPTIMIZATION_LEVEL = 0;
				GCC_PREPROCESSOR_DEFINITIONS = (
					"DEBUG=1",
					"$(inherited)",
				);
				GCC_WARN_64_TO_32_BIT_CONVERSION = YES;
				GCC_WARN_ABOUT_RETURN_TYPE = YES_ERROR;
				GCC_WARN_UNDECLARED_SELECTOR = YES;
				GCC_WARN_UNINITIALIZED_AUTOS = YES_AGGRESSIVE;
				GCC_WARN_UNUSED_FUNCTION = YES;
				GCC_WARN_UNUSED_VARIABLE = YES;
				IPHONEOS_DEPLOYMENT_TARGET = 12.1;
				MTL_ENABLE_DEBUG_INFO = INCLUDE_SOURCE;
				MTL_FAST_MATH = YES;
				ONLY_ACTIVE_ARCH = YES;
				SDKROOT = iphoneos;
				SWIFT_ACTIVE_COMPILATION_CONDITIONS = DEBUG;
				SWIFT_OPTIMIZATION_LEVEL = "-Onone";
			};
			name = Debug;
		};
		87C296E521FA201E00F0FB04 /* Release */ = {
			isa = XCBuildConfiguration;
			buildSettings = {
				ALWAYS_SEARCH_USER_PATHS = NO;
				CLANG_ANALYZER_NONNULL = YES;
				CLANG_ANALYZER_NUMBER_OBJECT_CONVERSION = YES_AGGRESSIVE;
				CLANG_CXX_LANGUAGE_STANDARD = "gnu++14";
				CLANG_CXX_LIBRARY = "libc++";
				CLANG_ENABLE_MODULES = YES;
				CLANG_ENABLE_OBJC_ARC = YES;
				CLANG_ENABLE_OBJC_WEAK = YES;
				CLANG_WARN_BLOCK_CAPTURE_AUTORELEASING = YES;
				CLANG_WARN_BOOL_CONVERSION = YES;
				CLANG_WARN_COMMA = YES;
				CLANG_WARN_CONSTANT_CONVERSION = YES;
				CLANG_WARN_DEPRECATED_OBJC_IMPLEMENTATIONS = YES;
				CLANG_WARN_DIRECT_OBJC_ISA_USAGE = YES_ERROR;
				CLANG_WARN_DOCUMENTATION_COMMENTS = YES;
				CLANG_WARN_EMPTY_BODY = YES;
				CLANG_WARN_ENUM_CONVERSION = YES;
				CLANG_WARN_INFINITE_RECURSION = YES;
				CLANG_WARN_INT_CONVERSION = YES;
				CLANG_WARN_NON_LITERAL_NULL_CONVERSION = YES;
				CLANG_WARN_OBJC_IMPLICIT_RETAIN_SELF = YES;
				CLANG_WARN_OBJC_LITERAL_CONVERSION = YES;
				CLANG_WARN_OBJC_ROOT_CLASS = YES_ERROR;
				CLANG_WARN_RANGE_LOOP_ANALYSIS = YES;
				CLANG_WARN_STRICT_PROTOTYPES = YES;
				CLANG_WARN_SUSPICIOUS_MOVE = YES;
				CLANG_WARN_UNGUARDED_AVAILABILITY = YES_AGGRESSIVE;
				CLANG_WARN_UNREACHABLE_CODE = YES;
				CLANG_WARN__DUPLICATE_METHOD_MATCH = YES;
				CODE_SIGN_IDENTITY = "iPhone Developer";
				COPY_PHASE_STRIP = NO;
				DEBUG_INFORMATION_FORMAT = "dwarf-with-dsym";
				ENABLE_NS_ASSERTIONS = NO;
				ENABLE_STRICT_OBJC_MSGSEND = YES;
				GCC_C_LANGUAGE_STANDARD = gnu11;
				GCC_NO_COMMON_BLOCKS = YES;
				GCC_WARN_64_TO_32_BIT_CONVERSION = YES;
				GCC_WARN_ABOUT_RETURN_TYPE = YES_ERROR;
				GCC_WARN_UNDECLARED_SELECTOR = YES;
				GCC_WARN_UNINITIALIZED_AUTOS = YES_AGGRESSIVE;
				GCC_WARN_UNUSED_FUNCTION = YES;
				GCC_WARN_UNUSED_VARIABLE = YES;
				IPHONEOS_DEPLOYMENT_TARGET = 12.1;
				MTL_ENABLE_DEBUG_INFO = NO;
				MTL_FAST_MATH = YES;
				SDKROOT = iphoneos;
				SWIFT_COMPILATION_MODE = wholemodule;
				SWIFT_OPTIMIZATION_LEVEL = "-O";
				VALIDATE_PRODUCT = YES;
			};
			name = Release;
		};
		87C296E721FA201E00F0FB04 /* Debug */ = {
			isa = XCBuildConfiguration;
			buildSettings = {
				ASSETCATALOG_COMPILER_APPICON_NAME = AppIcon;
				CODE_SIGN_STYLE = Automatic;
				DEVELOPMENT_TEAM = 94M46B2LJQ;
				INFOPLIST_FILE = "Touch ID Project/Info.plist";
				IPHONEOS_DEPLOYMENT_TARGET = 9.3;
				LD_RUNPATH_SEARCH_PATHS = (
					"$(inherited)",
					"@executable_path/Frameworks",
				);
				PRODUCT_BUNDLE_IDENTIFIER = "com.iamkurtgoz.Touch-ID-Project";
				PRODUCT_NAME = "$(TARGET_NAME)";
				SWIFT_VERSION = 4.2;
				TARGETED_DEVICE_FAMILY = "1,2";
			};
			name = Debug;
		};
		87C296E821FA201E00F0FB04 /* Release */ = {
			isa = XCBuildConfiguration;
			buildSettings = {
				ASSETCATALOG_COMPILER_APPICON_NAME = AppIcon;
				CODE_SIGN_STYLE = Automatic;
				DEVELOPMENT_TEAM = 94M46B2LJQ;
				INFOPLIST_FILE = "Touch ID Project/Info.plist";
				IPHONEOS_DEPLOYMENT_TARGET = 9.3;
				LD_RUNPATH_SEARCH_PATHS = (
					"$(inherited)",
					"@executable_path/Frameworks",
				);
				PRODUCT_BUNDLE_IDENTIFIER = "com.iamkurtgoz.Touch-ID-Project";
				PRODUCT_NAME = "$(TARGET_NAME)";
				SWIFT_VERSION = 4.2;
				TARGETED_DEVICE_FAMILY = "1,2";
			};
			name = Release;
		};
		87C296EA21FA201E00F0FB04 /* Debug */ = {
			isa = XCBuildConfiguration;
			buildSettings = {
				ALWAYS_EMBED_SWIFT_STANDARD_LIBRARIES = YES;
				BUNDLE_LOADER = "$(TEST_HOST)";
				CODE_SIGN_STYLE = Automatic;
				DEVELOPMENT_TEAM = 94M46B2LJQ;
				INFOPLIST_FILE = "Touch ID ProjectTests/Info.plist";
				LD_RUNPATH_SEARCH_PATHS = (
					"$(inherited)",
					"@executable_path/Frameworks",
					"@loader_path/Frameworks",
				);
				PRODUCT_BUNDLE_IDENTIFIER = "com.iamkurtgoz.Touch-ID-ProjectTests";
				PRODUCT_NAME = "$(TARGET_NAME)";
				SWIFT_VERSION = 4.2;
				TARGETED_DEVICE_FAMILY = "1,2";
				TEST_HOST = "$(BUILT_PRODUCTS_DIR)/Touch ID Project.app/Touch ID Project";
			};
			name = Debug;
		};
		87C296EB21FA201E00F0FB04 /* Release */ = {
			isa = XCBuildConfiguration;
			buildSettings = {
				ALWAYS_EMBED_SWIFT_STANDARD_LIBRARIES = YES;
				BUNDLE_LOADER = "$(TEST_HOST)";
				CODE_SIGN_STYLE = Automatic;
				DEVELOPMENT_TEAM = 94M46B2LJQ;
				INFOPLIST_FILE = "Touch ID ProjectTests/Info.plist";
				LD_RUNPATH_SEARCH_PATHS = (
					"$(inherited)",
					"@executable_path/Frameworks",
					"@loader_path/Frameworks",
				);
				PRODUCT_BUNDLE_IDENTIFIER = "com.iamkurtgoz.Touch-ID-ProjectTests";
				PRODUCT_NAME = "$(TARGET_NAME)";
				SWIFT_VERSION = 4.2;
				TARGETED_DEVICE_FAMILY = "1,2";
				TEST_HOST = "$(BUILT_PRODUCTS_DIR)/Touch ID Project.app/Touch ID Project";
			};
			name = Release;
		};
		87C296ED21FA201E00F0FB04 /* Debug */ = {
			isa = XCBuildConfiguration;
			buildSettings = {
				ALWAYS_EMBED_SWIFT_STANDARD_LIBRARIES = YES;
				CODE_SIGN_STYLE = Automatic;
				DEVELOPMENT_TEAM = 94M46B2LJQ;
				INFOPLIST_FILE = "Touch ID ProjectUITests/Info.plist";
				LD_RUNPATH_SEARCH_PATHS = (
					"$(inherited)",
					"@executable_path/Frameworks",
					"@loader_path/Frameworks",
				);
				PRODUCT_BUNDLE_IDENTIFIER = "com.iamkurtgoz.Touch-ID-ProjectUITests";
				PRODUCT_NAME = "$(TARGET_NAME)";
				SWIFT_VERSION = 4.2;
				TARGETED_DEVICE_FAMILY = "1,2";
				TEST_TARGET_NAME = "Touch ID Project";
			};
			name = Debug;
		};
		87C296EE21FA201E00F0FB04 /* Release */ = {
			isa = XCBuildConfiguration;
			buildSettings = {
				ALWAYS_EMBED_SWIFT_STANDARD_LIBRARIES = YES;
				CODE_SIGN_STYLE = Automatic;
				DEVELOPMENT_TEAM = 94M46B2LJQ;
				INFOPLIST_FILE = "Touch ID ProjectUITests/Info.plist";
				LD_RUNPATH_SEARCH_PATHS = (
					"$(inherited)",
					"@executable_path/Frameworks",
					"@loader_path/Frameworks",
				);
				PRODUCT_BUNDLE_IDENTIFIER = "com.iamkurtgoz.Touch-ID-ProjectUITests";
				PRODUCT_NAME = "$(TARGET_NAME)";
				SWIFT_VERSION = 4.2;
				TARGETED_DEVICE_FAMILY = "1,2";
				TEST_TARGET_NAME = "Touch ID Project";
			};
			name = Release;
		};
/* End XCBuildConfiguration section */

/* Begin XCConfigurationList section */
		87C296B921FA201C00F0FB04 /* Build configuration list for PBXProject "Touch ID Project" */ = {
			isa = XCConfigurationList;
			buildConfigurations = (
				87C296E421FA201E00F0FB04 /* Debug */,
				87C296E521FA201E00F0FB04 /* Release */,
			);
			defaultConfigurationIsVisible = 0;
			defaultConfigurationName = Release;
		};
		87C296E621FA201E00F0FB04 /* Build configuration list for PBXNativeTarget "Touch ID Project" */ = {
			isa = XCConfigurationList;
			buildConfigurations = (
				87C296E721FA201E00F0FB04 /* Debug */,
				87C296E821FA201E00F0FB04 /* Release */,
			);
			defaultConfigurationIsVisible = 0;
			defaultConfigurationName = Release;
		};
		87C296E921FA201E00F0FB04 /* Build configuration list for PBXNativeTarget "Touch ID ProjectTests" */ = {
			isa = XCConfigurationList;
			buildConfigurations = (
				87C296EA21FA201E00F0FB04 /* Debug */,
				87C296EB21FA201E00F0FB04 /* Release */,
			);
			defaultConfigurationIsVisible = 0;
			defaultConfigurationName = Release;
		};
		87C296EC21FA201E00F0FB04 /* Build configuration list for PBXNativeTarget "Touch ID ProjectUITests" */ = {
			isa = XCConfigurationList;
			buildConfigurations = (
				87C296ED21FA201E00F0FB04 /* Debug */,
				87C296EE21FA201E00F0FB04 /* Release */,
			);
			defaultConfigurationIsVisible = 0;
			defaultConfigurationName = Release;
		};
/* End XCConfigurationList section */
	};
	rootObject = 87C296B621FA201C00F0FB04 /* Project object */;
}
